
Microsoft Visual Studio Solution File, Format Version 12.00
# Visual Studio 15
VisualStudioVersion = 15.0.27703.2047
MinimumVisualStudioVersion = 10.0.40219.1
Project("{FAE04EC0-301F-11D3-BF4B-00C04F79EFBC}") = "JG_PeopleSearch", "JG_PeopleSearch\JG_PeopleSearch.csproj", "{E4973B7A-ABE5-4142-ACE7-ECEDAC12D207}"
EndProject
Project("{FAE04EC0-301F-11D3-BF4B-00C04F79EFBC}") = "JG_PeopleSearch.Tests", "JG_PeopleSearch.Tests\JG_PeopleSearch.Tests.csproj", "{C1402478-6F65-4F9F-9D54-A12BC0E8306B}"
EndProject
Global
	GlobalSection(SolutionConfigurationPlatforms) = preSolution
		Debug|Any CPU = Debug|Any CPU
		Release|Any CPU = Release|Any CPU
	EndGlobalSection
	GlobalSection(ProjectConfigurationPlatforms) = postSolution
		{E4973B7A-ABE5-4142-ACE7-ECEDAC12D207}.Debug|Any CPU.ActiveCfg = Debug|Any CPU
		{E4973B7A-ABE5-4142-ACE7-ECEDAC12D207}.Debug|Any CPU.Build.0 = Debug|Any CPU
		{E4973B7A-ABE5-4142-ACE7-ECEDAC12D207}.Release|Any CPU.ActiveCfg = Release|Any CPU
		{E4973B7A-ABE5-4142-ACE7-ECEDAC12D207}.Release|Any CPU.Build.0 = Release|Any CPU
		{C1402478-6F65-4F9F-9D54-A12BC0E8306B}.Debug|Any CPU.ActiveCfg = Debug|Any CPU
		{C1402478-6F65-4F9F-9D54-A12BC0E8306B}.Debug|Any CPU.Build.0 = Debug|Any CPU
		{C1402478-6F65-4F9F-9D54-A12BC0E8306B}.Release|Any CPU.ActiveCfg = Release|Any CPU
		{C1402478-6F65-4F9F-9D54-A12BC0E8306B}.Release|Any CPU.Build.0 = Release|Any CPU
	EndGlobalSection
	GlobalSection(SolutionProperties) = preSolution
		HideSolutionNode = FALSE
	EndGlobalSection
	GlobalSection(ExtensibilityGlobals) = postSolution
		SolutionGuid = {0C904DC6-74CF-4A90-8149-790EDA737D3A}
	EndGlobalSection
EndGlobal
